# This file is automatically @generated by Cargo.
# It is not intended for manual editing.
version = 4

[[package]]
name = "count-down"
version = "0.1.0"

[[package]]
name = "enum-shape"
version = "0.1.0"

[[package]]
name = "humanized_size"
version = "0.1.0"

[[package]]
name = "unique-id"
version = "0.1.0"
